
Microsoft Visual Studio Solution File, Format Version 12.00
# Visual Studio Version 17
VisualStudioVersion = 17.14.36717.8 d17.14
MinimumVisualStudioVersion = 10.0.40219.1
Project("{FAE04EC0-301F-11D3-BF4B-00C04F79EFBC}") = "Seminar4", "Seminar4\Seminar4.csproj", "{8F378B34-A559-4807-97D5-8B33C5A620D3}"
EndProject
Global
	GlobalSection(SolutionConfigurationPlatforms) = preSolution
		Debug|Any CPU = Debug|Any CPU
		Release|Any CPU = Release|Any CPU
	EndGlobalSection
	GlobalSection(ProjectConfigurationPlatforms) = postSolution
		{8F378B34-A559-4807-97D5-8B33C5A620D3}.Debug|Any CPU.ActiveCfg = Debug|Any CPU
		{8F378B34-A559-4807-97D5-8B33C5A620D3}.Debug|Any CPU.Build.0 = Debug|Any CPU
		{8F378B34-A559-4807-97D5-8B33C5A620D3}.Release|Any CPU.ActiveCfg = Release|Any CPU
		{8F378B34-A559-4807-97D5-8B33C5A620D3}.Release|Any CPU.Build.0 = Release|Any CPU
	EndGlobalSection
	GlobalSection(SolutionProperties) = preSolution
		HideSolutionNode = FALSE
	EndGlobalSection
	GlobalSection(ExtensibilityGlobals) = postSolution
		SolutionGuid = {1AE3BE65-D7DF-4382-9FFF-F7D489C38019}
	EndGlobalSection
EndGlobal
