
Microsoft Visual Studio Solution File, Format Version 12.00
# Visual Studio Version 17
VisualStudioVersion = 17.14.36717.8 d17.14
MinimumVisualStudioVersion = 10.0.40219.1
Project("{FAE04EC0-301F-11D3-BF4B-00C04F79EFBC}") = "Seminar2", "Seminar2\Seminar2.csproj", "{2EBA2376-0343-456C-9F6A-60CFA6985BE4}"
EndProject
Global
	GlobalSection(SolutionConfigurationPlatforms) = preSolution
		Debug|Any CPU = Debug|Any CPU
		Release|Any CPU = Release|Any CPU
	EndGlobalSection
	GlobalSection(ProjectConfigurationPlatforms) = postSolution
		{2EBA2376-0343-456C-9F6A-60CFA6985BE4}.Debug|Any CPU.ActiveCfg = Debug|Any CPU
		{2EBA2376-0343-456C-9F6A-60CFA6985BE4}.Debug|Any CPU.Build.0 = Debug|Any CPU
		{2EBA2376-0343-456C-9F6A-60CFA6985BE4}.Release|Any CPU.ActiveCfg = Release|Any CPU
		{2EBA2376-0343-456C-9F6A-60CFA6985BE4}.Release|Any CPU.Build.0 = Release|Any CPU
	EndGlobalSection
	GlobalSection(SolutionProperties) = preSolution
		HideSolutionNode = FALSE
	EndGlobalSection
	GlobalSection(ExtensibilityGlobals) = postSolution
		SolutionGuid = {83FF1ACC-5FA0-4713-9388-6306AADF37CF}
	EndGlobalSection
EndGlobal
