
Microsoft Visual Studio Solution File, Format Version 12.00
# Visual Studio Version 16
VisualStudioVersion = 16.0.30907.101
MinimumVisualStudioVersion = 10.0.40219.1
Project("{FAE04EC0-301F-11D3-BF4B-00C04F79EFBC}") = "WindowsFormsApp1", "WindowsFormsApp1.csproj", "{D1A96508-807F-4DF4-B72D-8DCE73F9F4FF}"
EndProject
Global
	GlobalSection(SolutionConfigurationPlatforms) = preSolution
		Debug|Any CPU = Debug|Any CPU
		Release|Any CPU = Release|Any CPU
	EndGlobalSection
	GlobalSection(ProjectConfigurationPlatforms) = postSolution
		{D1A96508-807F-4DF4-B72D-8DCE73F9F4FF}.Debug|Any CPU.ActiveCfg = Debug|Any CPU
		{D1A96508-807F-4DF4-B72D-8DCE73F9F4FF}.Debug|Any CPU.Build.0 = Debug|Any CPU
		{D1A96508-807F-4DF4-B72D-8DCE73F9F4FF}.Release|Any CPU.ActiveCfg = Release|Any CPU
		{D1A96508-807F-4DF4-B72D-8DCE73F9F4FF}.Release|Any CPU.Build.0 = Release|Any CPU
	EndGlobalSection
	GlobalSection(SolutionProperties) = preSolution
		HideSolutionNode = FALSE
	EndGlobalSection
	GlobalSection(ExtensibilityGlobals) = postSolution
		SolutionGuid = {9C9D110D-C027-4F49-94DD-8BED194040B6}
	EndGlobalSection
EndGlobal
